Microsoft Visual Studio Solution File, Format Version 12.00
# Visual Studio Version 17
VisualStudioVersion = 17.10.34902.84
MinimumVisualStudioVersion = 10.0.40219.1
Project("{FAE04EC0-301F-11D3-BF4B-00C04F79EFBC}") = "HrAspire.AppHost", "HrAspire.AppHost\HrAspire.AppHost.csproj", "{1864EDA5-6860-4AAE-8A08-74FB2046201C}"
EndProject
Project("{9A19103F-16F7-4668-BE54-9A1E7A4F7556}") = "HrAspire.ServiceDefaults", "HrAspire.ServiceDefaults\HrAspire.ServiceDefaults.csproj", "{CB341C65-D719-4ABB-A0DD-76483515CCFA}"
EndProject
Project("{9A19103F-16F7-4668-BE54-9A1E7A4F7556}") = "HrAspire.ApiService", "HrAspire.ApiService\HrAspire.ApiService.csproj", "{1017459F-C05A-4C21-9853-CB8D570333A1}"
EndProject
Project("{9A19103F-16F7-4668-BE54-9A1E7A4F7556}") = "HrAspire.Web", "HrAspire.Web\HrAspire.Web.csproj", "{F995190F-2512-4F00-9D80-BC4BADA98A23}"
EndProject
Global
	GlobalSection(SolutionConfigurationPlatforms) = preSolution
		Debug|Any CPU = Debug|Any CPU
		Release|Any CPU = Release|Any CPU
	EndGlobalSection
	GlobalSection(ProjectConfigurationPlatforms) = postSolution
		{1864EDA5-6860-4AAE-8A08-74FB2046201C}.Debug|Any CPU.ActiveCfg = Debug|Any CPU
		{1864EDA5-6860-4AAE-8A08-74FB2046201C}.Debug|Any CPU.Build.0 = Debug|Any CPU
		{1864EDA5-6860-4AAE-8A08-74FB2046201C}.Release|Any CPU.ActiveCfg = Release|Any CPU
		{1864EDA5-6860-4AAE-8A08-74FB2046201C}.Release|Any CPU.Build.0 = Release|Any CPU
		{CB341C65-D719-4ABB-A0DD-76483515CCFA}.Debug|Any CPU.ActiveCfg = Debug|Any CPU
		{CB341C65-D719-4ABB-A0DD-76483515CCFA}.Debug|Any CPU.Build.0 = Debug|Any CPU
		{CB341C65-D719-4ABB-A0DD-76483515CCFA}.Release|Any CPU.ActiveCfg = Release|Any CPU
		{CB341C65-D719-4ABB-A0DD-76483515CCFA}.Release|Any CPU.Build.0 = Release|Any CPU
		{1017459F-C05A-4C21-9853-CB8D570333A1}.Debug|Any CPU.ActiveCfg = Debug|Any CPU
		{1017459F-C05A-4C21-9853-CB8D570333A1}.Debug|Any CPU.Build.0 = Debug|Any CPU
		{1017459F-C05A-4C21-9853-CB8D570333A1}.Release|Any CPU.ActiveCfg = Release|Any CPU
		{1017459F-C05A-4C21-9853-CB8D570333A1}.Release|Any CPU.Build.0 = Release|Any CPU
		{F995190F-2512-4F00-9D80-BC4BADA98A23}.Debug|Any CPU.ActiveCfg = Debug|Any CPU
		{F995190F-2512-4F00-9D80-BC4BADA98A23}.Debug|Any CPU.Build.0 = Debug|Any CPU
		{F995190F-2512-4F00-9D80-BC4BADA98A23}.Release|Any CPU.ActiveCfg = Release|Any CPU
		{F995190F-2512-4F00-9D80-BC4BADA98A23}.Release|Any CPU.Build.0 = Release|Any CPU
	EndGlobalSection
	GlobalSection(SolutionProperties) = preSolution
		HideSolutionNode = FALSE
	EndGlobalSection
	GlobalSection(ExtensibilityGlobals) = postSolution
		SolutionGuid = {AC0FB0FB-DBC0-4731-B449-F21CCDCAF298}
	EndGlobalSection
EndGlobal
